
Microsoft Visual Studio Solution File, Format Version 12.00
# Visual Studio Version 16
VisualStudioVersion = 16.0.29306.81
MinimumVisualStudioVersion = 10.0.40219.1
Project("{FAE04EC0-301F-11D3-BF4B-00C04F79EFBC}") = "SmartPlaylist", "SmartPlaylist\SmartPlaylist.csproj", "{F1E97692-7817-42DE-81DA-0626AA85F8CA}"
EndProject
Global
	GlobalSection(SolutionConfigurationPlatforms) = preSolution
		Debug|Any CPU = Debug|Any CPU
		Release|Any CPU = Release|Any CPU
	EndGlobalSection
	GlobalSection(ProjectConfigurationPlatforms) = postSolution
		{F1E97692-7817-42DE-81DA-0626AA85F8CA}.Debug|Any CPU.ActiveCfg = Debug|Any CPU
		{F1E97692-7817-42DE-81DA-0626AA85F8CA}.Debug|Any CPU.Build.0 = Debug|Any CPU
		{F1E97692-7817-42DE-81DA-0626AA85F8CA}.Release|Any CPU.ActiveCfg = Release|Any CPU
		{F1E97692-7817-42DE-81DA-0626AA85F8CA}.Release|Any CPU.Build.0 = Release|Any CPU
	EndGlobalSection
	GlobalSection(SolutionProperties) = preSolution
		HideSolutionNode = FALSE
	EndGlobalSection
	GlobalSection(ExtensibilityGlobals) = postSolution
		SolutionGuid = {E5CBAF86-F7A6-49D6-B90D-114DFC4AC42C}
	EndGlobalSection
EndGlobal
